
Microsoft Visual Studio Solution File, Format Version 12.00
# Visual Studio Version 16
VisualStudioVersion = 16.0.31019.35
MinimumVisualStudioVersion = 10.0.40219.1
Project("{9A19103F-16F7-4668-BE54-9A1E7A4F7556}") = "MyListApp", "MyListApp\MyListApp.csproj", "{754A9E4D-FD57-434F-9B48-DD9F9169C6FE}"
EndProject
Global
	GlobalSection(SolutionConfigurationPlatforms) = preSolution
		Debug|Any CPU = Debug|Any CPU
		Release|Any CPU = Release|Any CPU
	EndGlobalSection
	GlobalSection(ProjectConfigurationPlatforms) = postSolution
		{754A9E4D-FD57-434F-9B48-DD9F9169C6FE}.Debug|Any CPU.ActiveCfg = Debug|Any CPU
		{754A9E4D-FD57-434F-9B48-DD9F9169C6FE}.Debug|Any CPU.Build.0 = Debug|Any CPU
		{754A9E4D-FD57-434F-9B48-DD9F9169C6FE}.Release|Any CPU.ActiveCfg = Release|Any CPU
		{754A9E4D-FD57-434F-9B48-DD9F9169C6FE}.Release|Any CPU.Build.0 = Release|Any CPU
	EndGlobalSection
	GlobalSection(SolutionProperties) = preSolution
		HideSolutionNode = FALSE
	EndGlobalSection
	GlobalSection(ExtensibilityGlobals) = postSolution
		SolutionGuid = {6DB4F8FF-E2B2-4CA3-8EB6-CC97F44469BE}
	EndGlobalSection
EndGlobal
